// !$*UTF8*$!
{
	archiveVersion = 1;
	classes = {
	};
	objectVersion = 50;
	objects = {

/* Begin PBXBuildFile section */
		020B461C242F13ED00A905C5 /* Network.swift in Sources */ = {isa = PBXBuildFile; fileRef = 020B461B242F13ED00A905C5 /* Network.swift */; };
		020B461E242F1E2300A905C5 /* Extensions.swift in Sources */ = {isa = PBXBuildFile; fileRef = 020B461D242F1E2300A905C5 /* Extensions.swift */; };
		020B468E2431A01400A905C5 /* SalesRep.swift in Sources */ = {isa = PBXBuildFile; fileRef = 020B468D2431A01400A905C5 /* SalesRep.swift */; };
		020B4711243604BA00A905C5 /* Calendar+Extension.swift in Sources */ = {isa = PBXBuildFile; fileRef = 020B4710243604BA00A905C5 /* Calendar+Extension.swift */; };
		020B47142436127000A905C5 /* ExpandingCell.swift in Sources */ = {isa = PBXBuildFile; fileRef = 020B47122436127000A905C5 /* ExpandingCell.swift */; };
		020B47152436127000A905C5 /* ExpandingCell.xib in Resources */ = {isa = PBXBuildFile; fileRef = 020B47132436127000A905C5 /* ExpandingCell.xib */; };
		02599D5424288F1800F88D2A /* AppDelegate.swift in Sources */ = {isa = PBXBuildFile; fileRef = 02599D5324288F1800F88D2A /* AppDelegate.swift */; };
		02599D5624288F1800F88D2A /* SceneDelegate.swift in Sources */ = {isa = PBXBuildFile; fileRef = 02599D5524288F1800F88D2A /* SceneDelegate.swift */; };
		02599D5824288F1800F88D2A /* ViewController.swift in Sources */ = {isa = PBXBuildFile; fileRef = 02599D5724288F1800F88D2A /* ViewController.swift */; };
		02599D5B24288F1800F88D2A /* Main.storyboard in Resources */ = {isa = PBXBuildFile; fileRef = 02599D5924288F1800F88D2A /* Main.storyboard */; };
		02599D5D24288F1C00F88D2A /* Assets.xcassets in Resources */ = {isa = PBXBuildFile; fileRef = 02599D5C24288F1C00F88D2A /* Assets.xcassets */; };
		02599D6024288F1C00F88D2A /* LaunchScreen.storyboard in Resources */ = {isa = PBXBuildFile; fileRef = 02599D5E24288F1C00F88D2A /* LaunchScreen.storyboard */; };
		02599D6B2428903400F88D2A /* MyTarget.swift in Sources */ = {isa = PBXBuildFile; fileRef = 02599D6A2428903400F88D2A /* MyTarget.swift */; };
		02599D6D242890B700F88D2A /* AssignedVsAllocatedTarget.swift in Sources */ = {isa = PBXBuildFile; fileRef = 02599D6C242890B700F88D2A /* AssignedVsAllocatedTarget.swift */; };
		02599D6F2428916600F88D2A /* SalesRepTargets.swift in Sources */ = {isa = PBXBuildFile; fileRef = 02599D6E2428916600F88D2A /* SalesRepTargets.swift */; };
		0268D39C2429FD5A0036E150 /* ManagerTargetDetailVC.swift in Sources */ = {isa = PBXBuildFile; fileRef = 0268D39B2429FD5A0036E150 /* ManagerTargetDetailVC.swift */; };
		0268D39E242A0BC60036E150 /* TargetAssignedVsAllocatedCell.swift in Sources */ = {isa = PBXBuildFile; fileRef = 0268D39D242A0BC60036E150 /* TargetAssignedVsAllocatedCell.swift */; };
		0282C21C2469504000C4325A /* MyTarget.txt in Resources */ = {isa = PBXBuildFile; fileRef = 0282C21B2469504000C4325A /* MyTarget.txt */; };
		028F097E24361AAC00933479 /* CollectionViewCell.swift in Sources */ = {isa = PBXBuildFile; fileRef = 028F097C24361AAC00933479 /* CollectionViewCell.swift */; };
		028F097F24361AAC00933479 /* CollectionViewCell.xib in Resources */ = {isa = PBXBuildFile; fileRef = 028F097D24361AAC00933479 /* CollectionViewCell.xib */; };
		0299384D2461255800C05699 /* TargetMonitor.storyboard in Resources */ = {isa = PBXBuildFile; fileRef = 0299384C2461255800C05699 /* TargetMonitor.storyboard */; };
		0299384F2461340500C05699 /* TargetMonitorHomeVC.swift in Sources */ = {isa = PBXBuildFile; fileRef = 0299384E2461340500C05699 /* TargetMonitorHomeVC.swift */; };
		02A321C0242C729600D6A5E3 /* SalesRepTargetDetailsVC.swift in Sources */ = {isa = PBXBuildFile; fileRef = 02A321BF242C729600D6A5E3 /* SalesRepTargetDetailsVC.swift */; };
		02A321C2242C735800D6A5E3 /* SalesRepTargetDetailCell.swift in Sources */ = {isa = PBXBuildFile; fileRef = 02A321C1242C735800D6A5E3 /* SalesRepTargetDetailCell.swift */; };
		02C2AC59246276ED002786CD /* TeamMemberTargetsDetailVC.swift in Sources */ = {isa = PBXBuildFile; fileRef = 02C2AC58246276ED002786CD /* TeamMemberTargetsDetailVC.swift */; };
		0F0CDF9CFB09FE826D6EF03F /* libPods-TargetModule.a in Frameworks */ = {isa = PBXBuildFile; fileRef = D019E233EFC41B25E8867D72 /* libPods-TargetModule.a */; };
/* End PBXBuildFile section */

/* Begin PBXFileReference section */
		020B461B242F13ED00A905C5 /* Network.swift */ = {isa = PBXFileReference; lastKnownFileType = sourcecode.swift; path = Network.swift; sourceTree = "<group>"; };
		020B461D242F1E2300A905C5 /* Extensions.swift */ = {isa = PBXFileReference; lastKnownFileType = sourcecode.swift; path = Extensions.swift; sourceTree = "<group>"; };
		020B468D2431A01400A905C5 /* SalesRep.swift */ = {isa = PBXFileReference; lastKnownFileType = sourcecode.swift; path = SalesRep.swift; sourceTree = "<group>"; };
		020B4710243604BA00A905C5 /* Calendar+Extension.swift */ = {isa = PBXFileReference; lastKnownFileType = sourcecode.swift; path = "Calendar+Extension.swift"; sourceTree = "<group>"; };
		020B47122436127000A905C5 /* ExpandingCell.swift */ = {isa = PBXFileReference; lastKnownFileType = sourcecode.swift; path = ExpandingCell.swift; sourceTree = "<group>"; };
		020B47132436127000A905C5 /* ExpandingCell.xib */ = {isa = PBXFileReference; lastKnownFileType = file.xib; path = ExpandingCell.xib; sourceTree = "<group>"; };
		02599D5024288F1800F88D2A /* TargetModule.app */ = {isa = PBXFileReference; explicitFileType = wrapper.application; includeInIndex = 0; path = TargetModule.app; sourceTree = BUILT_PRODUCTS_DIR; };
		02599D5324288F1800F88D2A /* AppDelegate.swift */ = {isa = PBXFileReference; lastKnownFileType = sourcecode.swift; path = AppDelegate.swift; sourceTree = "<group>"; };
		02599D5524288F1800F88D2A /* SceneDelegate.swift */ = {isa = PBXFileReference; lastKnownFileType = sourcecode.swift; path = SceneDelegate.swift; sourceTree = "<group>"; };
		02599D5724288F1800F88D2A /* ViewController.swift */ = {isa = PBXFileReference; lastKnownFileType = sourcecode.swift; path = ViewController.swift; sourceTree = "<group>"; };
		02599D5A24288F1800F88D2A /* Base */ = {isa = PBXFileReference; lastKnownFileType = file.storyboard; name = Base; path = Base.lproj/Main.storyboard; sourceTree = "<group>"; };
		02599D5C24288F1C00F88D2A /* Assets.xcassets */ = {isa = PBXFileReference; lastKnownFileType = folder.assetcatalog; path = Assets.xcassets; sourceTree = "<group>"; };
		02599D5F24288F1C00F88D2A /* Base */ = {isa = PBXFileReference; lastKnownFileType = file.storyboard; name = Base; path = Base.lproj/LaunchScreen.storyboard; sourceTree = "<group>"; };
		02599D6124288F1C00F88D2A /* Info.plist */ = {isa = PBXFileReference; lastKnownFileType = text.plist.xml; path = Info.plist; sourceTree = "<group>"; };
		02599D6A2428903400F88D2A /* MyTarget.swift */ = {isa = PBXFileReference; lastKnownFileType = sourcecode.swift; path = MyTarget.swift; sourceTree = "<group>"; };
		02599D6C242890B700F88D2A /* AssignedVsAllocatedTarget.swift */ = {isa = PBXFileReference; lastKnownFileType = sourcecode.swift; path = AssignedVsAllocatedTarget.swift; sourceTree = "<group>"; };
		02599D6E2428916600F88D2A /* SalesRepTargets.swift */ = {isa = PBXFileReference; lastKnownFileType = sourcecode.swift; path = SalesRepTargets.swift; sourceTree = "<group>"; };
		0268D39B2429FD5A0036E150 /* ManagerTargetDetailVC.swift */ = {isa = PBXFileReference; lastKnownFileType = sourcecode.swift; path = ManagerTargetDetailVC.swift; sourceTree = "<group>"; };
		0268D39D242A0BC60036E150 /* TargetAssignedVsAllocatedCell.swift */ = {isa = PBXFileReference; lastKnownFileType = sourcecode.swift; path = TargetAssignedVsAllocatedCell.swift; sourceTree = "<group>"; };
		0282C21B2469504000C4325A /* MyTarget.txt */ = {isa = PBXFileReference; fileEncoding = 4; lastKnownFileType = text; path = MyTarget.txt; sourceTree = "<group>"; };
		028F097C24361AAC00933479 /* CollectionViewCell.swift */ = {isa = PBXFileReference; lastKnownFileType = sourcecode.swift; path = CollectionViewCell.swift; sourceTree = "<group>"; };
		028F097D24361AAC00933479 /* CollectionViewCell.xib */ = {isa = PBXFileReference; lastKnownFileType = file.xib; path = CollectionViewCell.xib; sourceTree = "<group>"; };
		0299384C2461255800C05699 /* TargetMonitor.storyboard */ = {isa = PBXFileReference; lastKnownFileType = file.storyboard; path = TargetMonitor.storyboard; sourceTree = "<group>"; };
		0299384E2461340500C05699 /* TargetMonitorHomeVC.swift */ = {isa = PBXFileReference; lastKnownFileType = sourcecode.swift; path = TargetMonitorHomeVC.swift; sourceTree = "<group>"; };
		02A321BF242C729600D6A5E3 /* SalesRepTargetDetailsVC.swift */ = {isa = PBXFileReference; lastKnownFileType = sourcecode.swift; path = SalesRepTargetDetailsVC.swift; sourceTree = "<group>"; };
		02A321C1242C735800D6A5E3 /* SalesRepTargetDetailCell.swift */ = {isa = PBXFileReference; lastKnownFileType = sourcecode.swift; path = SalesRepTargetDetailCell.swift; sourceTree = "<group>"; };
		02C2AC58246276ED002786CD /* TeamMemberTargetsDetailVC.swift */ = {isa = PBXFileReference; lastKnownFileType = sourcecode.swift; path = TeamMemberTargetsDetailVC.swift; sourceTree = "<group>"; };
		1483892721ED201608895AF2 /* Pods-TargetModule.debug.xcconfig */ = {isa = PBXFileReference; includeInIndex = 1; lastKnownFileType = text.xcconfig; name = "Pods-TargetModule.debug.xcconfig"; path = "Target Support Files/Pods-TargetModule/Pods-TargetModule.debug.xcconfig"; sourceTree = "<group>"; };
		D019E233EFC41B25E8867D72 /* libPods-TargetModule.a */ = {isa = PBXFileReference; explicitFileType = archive.ar; includeInIndex = 0; path = "libPods-TargetModule.a"; sourceTree = BUILT_PRODUCTS_DIR; };
		F1FCA711BEB176DC98F073DD /* Pods-TargetModule.release.xcconfig */ = {isa = PBXFileReference; includeInIndex = 1; lastKnownFileType = text.xcconfig; name = "Pods-TargetModule.release.xcconfig"; path = "Target Support Files/Pods-TargetModule/Pods-TargetModule.release.xcconfig"; sourceTree = "<group>"; };
/* End PBXFileReference section */

/* Begin PBXFrameworksBuildPhase section */
		02599D4D24288F1800F88D2A /* Frameworks */ = {
			isa = PBXFrameworksBuildPhase;
			buildActionMask = 2147483647;
			files = (
				0F0CDF9CFB09FE826D6EF03F /* libPods-TargetModule.a in Frameworks */,
			);
			runOnlyForDeploymentPostprocessing = 0;
		};
/* End PBXFrameworksBuildPhase section */

/* Begin PBXGroup section */
		020B461A242F13C700A905C5 /* Network */ = {
			isa = PBXGroup;
			children = (
				020B461B242F13ED00A905C5 /* Network.swift */,
			);
			name = Network;
			sourceTree = "<group>";
		};
		020B47162436127400A905C5 /* ExpandingCell */ = {
			isa = PBXGroup;
			children = (
				020B47132436127000A905C5 /* ExpandingCell.xib */,
				020B47122436127000A905C5 /* ExpandingCell.swift */,
				028F097C24361AAC00933479 /* CollectionViewCell.swift */,
				028F097D24361AAC00933479 /* CollectionViewCell.xib */,
			);
			name = ExpandingCell;
			sourceTree = "<group>";
		};
		02599D4724288F1800F88D2A = {
			isa = PBXGroup;
			children = (
				02599D5224288F1800F88D2A /* TargetModule */,
				02599D5124288F1800F88D2A /* Products */,
				5A8D0A57D55DF9F775297AC2 /* Pods */,
				7DCBB5DCB9DFC921DBBCD5F9 /* Frameworks */,
			);
			sourceTree = "<group>";
		};
		02599D5124288F1800F88D2A /* Products */ = {
			isa = PBXGroup;
			children = (
				02599D5024288F1800F88D2A /* TargetModule.app */,
			);
			name = Products;
			sourceTree = "<group>";
		};
		02599D5224288F1800F88D2A /* TargetModule */ = {
			isa = PBXGroup;
			children = (
				020B461A242F13C700A905C5 /* Network */,
				02599D6924288FB100F88D2A /* Models */,
				02599D6824288FA700F88D2A /* Data */,
				029938492461251900C05699 /* ViewController */,
				02993847246124EC00C05699 /* Storyboards */,
				02599D6724288F8600F88D2A /* App Files */,
				02599D6124288F1C00F88D2A /* Info.plist */,
				0268D39A2429EC170036E150 /* TableViewCell */,
				029938482461250700C05699 /* Extensions */,
				020B47162436127400A905C5 /* ExpandingCell */,
			);
			path = TargetModule;
			sourceTree = "<group>";
		};
		02599D6724288F8600F88D2A /* App Files */ = {
			isa = PBXGroup;
			children = (
				02599D5524288F1800F88D2A /* SceneDelegate.swift */,
				02599D5C24288F1C00F88D2A /* Assets.xcassets */,
				02599D5E24288F1C00F88D2A /* LaunchScreen.storyboard */,
				02599D5324288F1800F88D2A /* AppDelegate.swift */,
			);
			name = "App Files";
			sourceTree = "<group>";
		};
		02599D6824288FA700F88D2A /* Data */ = {
			isa = PBXGroup;
			children = (
				0282C21B2469504000C4325A /* MyTarget.txt */,
			);
			name = Data;
			sourceTree = "<group>";
		};
		02599D6924288FB100F88D2A /* Models */ = {
			isa = PBXGroup;
			children = (
				02599D6A2428903400F88D2A /* MyTarget.swift */,
				02599D6C242890B700F88D2A /* AssignedVsAllocatedTarget.swift */,
				02599D6E2428916600F88D2A /* SalesRepTargets.swift */,
				020B468D2431A01400A905C5 /* SalesRep.swift */,
			);
			name = Models;
			sourceTree = "<group>";
		};
		0268D39A2429EC170036E150 /* TableViewCell */ = {
			isa = PBXGroup;
			children = (
				0268D39D242A0BC60036E150 /* TargetAssignedVsAllocatedCell.swift */,
				02A321C1242C735800D6A5E3 /* SalesRepTargetDetailCell.swift */,
			);
			name = TableViewCell;
			sourceTree = "<group>";
		};
		02993847246124EC00C05699 /* Storyboards */ = {
			isa = PBXGroup;
			children = (
				02599D5924288F1800F88D2A /* Main.storyboard */,
				0299384C2461255800C05699 /* TargetMonitor.storyboard */,
			);
			name = Storyboards;
			sourceTree = "<group>";
		};
		029938482461250700C05699 /* Extensions */ = {
			isa = PBXGroup;
			children = (
				020B461D242F1E2300A905C5 /* Extensions.swift */,
				020B4710243604BA00A905C5 /* Calendar+Extension.swift */,
			);
			name = Extensions;
			sourceTree = "<group>";
		};
		029938492461251900C05699 /* ViewController */ = {
			isa = PBXGroup;
			children = (
				0299384B2461253600C05699 /* Target Monitoring */,
				0299384A2461252600C05699 /* Target Assignment */,
			);
			name = ViewController;
			sourceTree = "<group>";
		};
		0299384A2461252600C05699 /* Target Assignment */ = {
			isa = PBXGroup;
			children = (
				02599D5724288F1800F88D2A /* ViewController.swift */,
				0268D39B2429FD5A0036E150 /* ManagerTargetDetailVC.swift */,
				02A321BF242C729600D6A5E3 /* SalesRepTargetDetailsVC.swift */,
			);
			name = "Target Assignment";
			sourceTree = "<group>";
		};
		0299384B2461253600C05699 /* Target Monitoring */ = {
			isa = PBXGroup;
			children = (
				0299384E2461340500C05699 /* TargetMonitorHomeVC.swift */,
				02C2AC58246276ED002786CD /* TeamMemberTargetsDetailVC.swift */,
			);
			name = "Target Monitoring";
			sourceTree = "<group>";
		};
		5A8D0A57D55DF9F775297AC2 /* Pods */ = {
			isa = PBXGroup;
			children = (
				1483892721ED201608895AF2 /* Pods-TargetModule.debug.xcconfig */,
				F1FCA711BEB176DC98F073DD /* Pods-TargetModule.release.xcconfig */,
			);
			path = Pods;
			sourceTree = "<group>";
		};
		7DCBB5DCB9DFC921DBBCD5F9 /* Frameworks */ = {
			isa = PBXGroup;
			children = (
				D019E233EFC41B25E8867D72 /* libPods-TargetModule.a */,
			);
			name = Frameworks;
			sourceTree = "<group>";
		};
/* End PBXGroup section */

/* Begin PBXNativeTarget section */
		02599D4F24288F1800F88D2A /* TargetModule */ = {
			isa = PBXNativeTarget;
			buildConfigurationList = 02599D6424288F1C00F88D2A /* Build configuration list for PBXNativeTarget "TargetModule" */;
			buildPhases = (
				BDED18DB81301E5892B6EFF4 /* [CP] Check Pods Manifest.lock */,
				02599D4C24288F1800F88D2A /* Sources */,
				02599D4D24288F1800F88D2A /* Frameworks */,
				02599D4E24288F1800F88D2A /* Resources */,
			);
			buildRules = (
			);
			dependencies = (
			);
			name = TargetModule;
			productName = TargetModule;
			productReference = 02599D5024288F1800F88D2A /* TargetModule.app */;
			productType = "com.apple.product-type.application";
		};
/* End PBXNativeTarget section */

/* Begin PBXProject section */
		02599D4824288F1800F88D2A /* Project object */ = {
			isa = PBXProject;
			attributes = {
				LastSwiftUpdateCheck = 1130;
				LastUpgradeCheck = 1130;
				ORGANIZATIONNAME = Sandesh;
				TargetAttributes = {
					02599D4F24288F1800F88D2A = {
						CreatedOnToolsVersion = 11.3.1;
					};
				};
			};
			buildConfigurationList = 02599D4B24288F1800F88D2A /* Build configuration list for PBXProject "TargetModule" */;
			compatibilityVersion = "Xcode 9.3";
			developmentRegion = en;
			hasScannedForEncodings = 0;
			knownRegions = (
				en,
				Base,
			);
			mainGroup = 02599D4724288F1800F88D2A;
			productRefGroup = 02599D5124288F1800F88D2A /* Products */;
			projectDirPath = "";
			projectRoot = "";
			targets = (
				02599D4F24288F1800F88D2A /* TargetModule */,
			);
		};
/* End PBXProject section */

/* Begin PBXResourcesBuildPhase section */
		02599D4E24288F1800F88D2A /* Resources */ = {
			isa = PBXResourcesBuildPhase;
			buildActionMask = 2147483647;
			files = (
				0299384D2461255800C05699 /* TargetMonitor.storyboard in Resources */,
				020B47152436127000A905C5 /* ExpandingCell.xib in Resources */,
				02599D6024288F1C00F88D2A /* LaunchScreen.storyboard in Resources */,
				02599D5D24288F1C00F88D2A /* Assets.xcassets in Resources */,
				02599D5B24288F1800F88D2A /* Main.storyboard in Resources */,
				028F097F24361AAC00933479 /* CollectionViewCell.xib in Resources */,
				0282C21C2469504000C4325A /* MyTarget.txt in Resources */,
			);
			runOnlyForDeploymentPostprocessing = 0;
		};
/* End PBXResourcesBuildPhase section */

/* Begin PBXShellScriptBuildPhase section */
		BDED18DB81301E5892B6EFF4 /* [CP] Check Pods Manifest.lock */ = {
			isa = PBXShellScriptBuildPhase;
			buildActionMask = 2147483647;
			files = (
			);
			inputFileListPaths = (
			);
			inputPaths = (
				"${PODS_PODFILE_DIR_PATH}/Podfile.lock",
				"${PODS_ROOT}/Manifest.lock",
			);
			name = "[CP] Check Pods Manifest.lock";
			outputFileListPaths = (
			);
			outputPaths = (
				"$(DERIVED_FILE_DIR)/Pods-TargetModule-checkManifestLockResult.txt",
			);
			runOnlyForDeploymentPostprocessing = 0;
			shellPath = /bin/sh;
			shellScript = "diff \"${PODS_PODFILE_DIR_PATH}/Podfile.lock\" \"${PODS_ROOT}/Manifest.lock\" > /dev/null\nif [ $? != 0 ] ; then\n    # print error to STDERR\n    echo \"error: The sandbox is not in sync with the Podfile.lock. Run 'pod install' or update your CocoaPods installation.\" >&2\n    exit 1\nfi\n# This output is used by Xcode 'outputs' to avoid re-running this script phase.\necho \"SUCCESS\" > \"${SCRIPT_OUTPUT_FILE_0}\"\n";
			showEnvVarsInLog = 0;
		};
/* End PBXShellScriptBuildPhase section */

/* Begin PBXSourcesBuildPhase section */
		02599D4C24288F1800F88D2A /* Sources */ = {
			isa = PBXSourcesBuildPhase;
			buildActionMask = 2147483647;
			files = (
				02599D5824288F1800F88D2A /* ViewController.swift in Sources */,
				02599D6D242890B700F88D2A /* AssignedVsAllocatedTarget.swift in Sources */,
				02A321C2242C735800D6A5E3 /* SalesRepTargetDetailCell.swift in Sources */,
				020B468E2431A01400A905C5 /* SalesRep.swift in Sources */,
				02599D6F2428916600F88D2A /* SalesRepTargets.swift in Sources */,
				02599D5424288F1800F88D2A /* AppDelegate.swift in Sources */,
				020B461C242F13ED00A905C5 /* Network.swift in Sources */,
				02599D6B2428903400F88D2A /* MyTarget.swift in Sources */,
				020B461E242F1E2300A905C5 /* Extensions.swift in Sources */,
				0268D39E242A0BC60036E150 /* TargetAssignedVsAllocatedCell.swift in Sources */,
				028F097E24361AAC00933479 /* CollectionViewCell.swift in Sources */,
				02C2AC59246276ED002786CD /* TeamMemberTargetsDetailVC.swift in Sources */,
				02A321C0242C729600D6A5E3 /* SalesRepTargetDetailsVC.swift in Sources */,
				0299384F2461340500C05699 /* TargetMonitorHomeVC.swift in Sources */,
				020B47142436127000A905C5 /* ExpandingCell.swift in Sources */,
				02599D5624288F1800F88D2A /* SceneDelegate.swift in Sources */,
				0268D39C2429FD5A0036E150 /* ManagerTargetDetailVC.swift in Sources */,
				020B4711243604BA00A905C5 /* Calendar+Extension.swift in Sources */,
			);
			runOnlyForDeploymentPostprocessing = 0;
		};
/* End PBXSourcesBuildPhase section */

/* Begin PBXVariantGroup section */
		02599D5924288F1800F88D2A /* Main.storyboard */ = {
			isa = PBXVariantGroup;
			children = (
				02599D5A24288F1800F88D2A /* Base */,
			);
			name = Main.storyboard;
			sourceTree = "<group>";
		};
		02599D5E24288F1C00F88D2A /* LaunchScreen.storyboard */ = {
			isa = PBXVariantGroup;
			children = (
				02599D5F24288F1C00F88D2A /* Base */,
			);
			name = LaunchScreen.storyboard;
			sourceTree = "<group>";
		};
/* End PBXVariantGroup section */

/* Begin XCBuildConfiguration section */
		02599D6224288F1C00F88D2A /* Debug */ = {
			isa = XCBuildConfiguration;
			buildSettings = {
				ALWAYS_SEARCH_USER_PATHS = NO;
				CLANG_ANALYZER_NONNULL = YES;
				CLANG_ANALYZER_NUMBER_OBJECT_CONVERSION = YES_AGGRESSIVE;
				CLANG_CXX_LANGUAGE_STANDARD = "gnu++14";
				CLANG_CXX_LIBRARY = "libc++";
				CLANG_ENABLE_MODULES = YES;
				CLANG_ENABLE_OBJC_ARC = YES;
				CLANG_ENABLE_OBJC_WEAK = YES;
				CLANG_WARN_BLOCK_CAPTURE_AUTORELEASING = YES;
				CLANG_WARN_BOOL_CONVERSION = YES;
				CLANG_WARN_COMMA = YES;
				CLANG_WARN_CONSTANT_CONVERSION = YES;
				CLANG_WARN_DEPRECATED_OBJC_IMPLEMENTATIONS = YES;
				CLANG_WARN_DIRECT_OBJC_ISA_USAGE = YES_ERROR;
				CLANG_WARN_DOCUMENTATION_COMMENTS = YES;
				CLANG_WARN_EMPTY_BODY = YES;
				CLANG_WARN_ENUM_CONVERSION = YES;
				CLANG_WARN_INFINITE_RECURSION = YES;
				CLANG_WARN_INT_CONVERSION = YES;
				CLANG_WARN_NON_LITERAL_NULL_CONVERSION = YES;
				CLANG_WARN_OBJC_IMPLICIT_RETAIN_SELF = YES;
				CLANG_WARN_OBJC_LITERAL_CONVERSION = YES;
				CLANG_WARN_OBJC_ROOT_CLASS = YES_ERROR;
				CLANG_WARN_RANGE_LOOP_ANALYSIS = YES;
				CLANG_WARN_STRICT_PROTOTYPES = YES;
				CLANG_WARN_SUSPICIOUS_MOVE = YES;
				CLANG_WARN_UNGUARDED_AVAILABILITY = YES_AGGRESSIVE;
				CLANG_WARN_UNREACHABLE_CODE = YES;
				CLANG_WARN__DUPLICATE_METHOD_MATCH = YES;
				COPY_PHASE_STRIP = NO;
				DEBUG_INFORMATION_FORMAT = dwarf;
				ENABLE_STRICT_OBJC_MSGSEND = YES;
				ENABLE_TESTABILITY = YES;
				GCC_C_LANGUAGE_STANDARD = gnu11;
				GCC_DYNAMIC_NO_PIC = NO;
				GCC_NO_COMMON_BLOCKS = YES;
				GCC_OPTIMIZATION_LEVEL = 0;
				GCC_PREPROCESSOR_DEFINITIONS = (
					"DEBUG=1",
					"$(inherited)",
				);
				GCC_WARN_64_TO_32_BIT_CONVERSION = YES;
				GCC_WARN_ABOUT_RETURN_TYPE = YES_ERROR;
				GCC_WARN_UNDECLARED_SELECTOR = YES;
				GCC_WARN_UNINITIALIZED_AUTOS = YES_AGGRESSIVE;
				GCC_WARN_UNUSED_FUNCTION = YES;
				GCC_WARN_UNUSED_VARIABLE = YES;
				IPHONEOS_DEPLOYMENT_TARGET = 11.0;
				MTL_ENABLE_DEBUG_INFO = INCLUDE_SOURCE;
				MTL_FAST_MATH = YES;
				ONLY_ACTIVE_ARCH = YES;
				SDKROOT = iphoneos;
				SWIFT_ACTIVE_COMPILATION_CONDITIONS = DEBUG;
				SWIFT_OPTIMIZATION_LEVEL = "-Onone";
			};
			name = Debug;
		};
		02599D6324288F1C00F88D2A /* Release */ = {
			isa = XCBuildConfiguration;
			buildSettings = {
				ALWAYS_SEARCH_USER_PATHS = NO;
				CLANG_ANALYZER_NONNULL = YES;
				CLANG_ANALYZER_NUMBER_OBJECT_CONVERSION = YES_AGGRESSIVE;
				CLANG_CXX_LANGUAGE_STANDARD = "gnu++14";
				CLANG_CXX_LIBRARY = "libc++";
				CLANG_ENABLE_MODULES = YES;
				CLANG_ENABLE_OBJC_ARC = YES;
				CLANG_ENABLE_OBJC_WEAK = YES;
				CLANG_WARN_BLOCK_CAPTURE_AUTORELEASING = YES;
				CLANG_WARN_BOOL_CONVERSION = YES;
				CLANG_WARN_COMMA = YES;
				CLANG_WARN_CONSTANT_CONVERSION = YES;
				CLANG_WARN_DEPRECATED_OBJC_IMPLEMENTATIONS = YES;
				CLANG_WARN_DIRECT_OBJC_ISA_USAGE = YES_ERROR;
				CLANG_WARN_DOCUMENTATION_COMMENTS = YES;
				CLANG_WARN_EMPTY_BODY = YES;
				CLANG_WARN_ENUM_CONVERSION = YES;
				CLANG_WARN_INFINITE_RECURSION = YES;
				CLANG_WARN_INT_CONVERSION = YES;
				CLANG_WARN_NON_LITERAL_NULL_CONVERSION = YES;
				CLANG_WARN_OBJC_IMPLICIT_RETAIN_SELF = YES;
				CLANG_WARN_OBJC_LITERAL_CONVERSION = YES;
				CLANG_WARN_OBJC_ROOT_CLASS = YES_ERROR;
				CLANG_WARN_RANGE_LOOP_ANALYSIS = YES;
				CLANG_WARN_STRICT_PROTOTYPES = YES;
				CLANG_WARN_SUSPICIOUS_MOVE = YES;
				CLANG_WARN_UNGUARDED_AVAILABILITY = YES_AGGRESSIVE;
				CLANG_WARN_UNREACHABLE_CODE = YES;
				CLANG_WARN__DUPLICATE_METHOD_MATCH = YES;
				COPY_PHASE_STRIP = NO;
				DEBUG_INFORMATION_FORMAT = "dwarf-with-dsym";
				ENABLE_NS_ASSERTIONS = NO;
				ENABLE_STRICT_OBJC_MSGSEND = YES;
				GCC_C_LANGUAGE_STANDARD = gnu11;
				GCC_NO_COMMON_BLOCKS = YES;
				GCC_WARN_64_TO_32_BIT_CONVERSION = YES;
				GCC_WARN_ABOUT_RETURN_TYPE = YES_ERROR;
				GCC_WARN_UNDECLARED_SELECTOR = YES;
				GCC_WARN_UNINITIALIZED_AUTOS = YES_AGGRESSIVE;
				GCC_WARN_UNUSED_FUNCTION = YES;
				GCC_WARN_UNUSED_VARIABLE = YES;
				IPHONEOS_DEPLOYMENT_TARGET = 11.0;
				MTL_ENABLE_DEBUG_INFO = NO;
				MTL_FAST_MATH = YES;
				SDKROOT = iphoneos;
				SWIFT_COMPILATION_MODE = wholemodule;
				SWIFT_OPTIMIZATION_LEVEL = "-O";
				VALIDATE_PRODUCT = YES;
			};
			name = Release;
		};
		02599D6524288F1C00F88D2A /* Debug */ = {
			isa = XCBuildConfiguration;
			baseConfigurationReference = 1483892721ED201608895AF2 /* Pods-TargetModule.debug.xcconfig */;
			buildSettings = {
				ASSETCATALOG_COMPILER_APPICON_NAME = AppIcon;
				CODE_SIGN_STYLE = Automatic;
				DEVELOPMENT_TEAM = FPGYNW96JS;
				INFOPLIST_FILE = TargetModule/Info.plist;
				LD_RUNPATH_SEARCH_PATHS = (
					"$(inherited)",
					"@executable_path/Frameworks",
				);
				PRODUCT_BUNDLE_IDENTIFIER = com.sandesh.TargetModule;
				PRODUCT_NAME = "$(TARGET_NAME)";
				SWIFT_VERSION = 5.0;
				TARGETED_DEVICE_FAMILY = "1,2";
			};
			name = Debug;
		};
		02599D6624288F1C00F88D2A /* Release */ = {
			isa = XCBuildConfiguration;
			baseConfigurationReference = F1FCA711BEB176DC98F073DD /* Pods-TargetModule.release.xcconfig */;
			buildSettings = {
				ASSETCATALOG_COMPILER_APPICON_NAME = AppIcon;
				CODE_SIGN_STYLE = Automatic;
				DEVELOPMENT_TEAM = FPGYNW96JS;
				INFOPLIST_FILE = TargetModule/Info.plist;
				LD_RUNPATH_SEARCH_PATHS = (
					"$(inherited)",
					"@executable_path/Frameworks",
				);
				PRODUCT_BUNDLE_IDENTIFIER = com.sandesh.TargetModule;
				PRODUCT_NAME = "$(TARGET_NAME)";
				SWIFT_VERSION = 5.0;
				TARGETED_DEVICE_FAMILY = "1,2";
			};
			name = Release;
		};
/* End XCBuildConfiguration section */

/* Begin XCConfigurationList section */
		02599D4B24288F1800F88D2A /* Build configuration list for PBXProject "TargetModule" */ = {
			isa = XCConfigurationList;
			buildConfigurations = (
				02599D6224288F1C00F88D2A /* Debug */,
				02599D6324288F1C00F88D2A /* Release */,
			);
			defaultConfigurationIsVisible = 0;
			defaultConfigurationName = Release;
		};
		02599D6424288F1C00F88D2A /* Build configuration list for PBXNativeTarget "TargetModule" */ = {
			isa = XCConfigurationList;
			buildConfigurations = (
				02599D6524288F1C00F88D2A /* Debug */,
				02599D6624288F1C00F88D2A /* Release */,
			);
			defaultConfigurationIsVisible = 0;
			defaultConfigurationName = Release;
		};
/* End XCConfigurationList section */
	};
	rootObject = 02599D4824288F1800F88D2A /* Project object */;
}
